
Microsoft Visual Studio Solution File, Format Version 12.00
# Visual Studio Version 17
VisualStudioVersion = 17.9.34407.89
MinimumVisualStudioVersion = 10.0.40219.1
Project("{9A19103F-16F7-4668-BE54-9A1E7A4F7556}") = "Bookweb", "Bookweb\Bookweb.csproj", "{C0796278-F8D9-4A3D-94E7-89979C20980B}"
EndProject
Project("{9A19103F-16F7-4668-BE54-9A1E7A4F7556}") = "Book.DataAccess", "Book.DataAccess\Book.DataAccess.csproj", "{77EC953E-1FDF-443E-9C7A-2B28DE870734}"
EndProject
Project("{9A19103F-16F7-4668-BE54-9A1E7A4F7556}") = "Book.Models", "Book.Models\Book.Models.csproj", "{92660AD7-2E0F-4B5E-8139-D4F1907FD21F}"
EndProject
Project("{9A19103F-16F7-4668-BE54-9A1E7A4F7556}") = "Book.Utility", "Book.Utility\Book.Utility.csproj", "{D71E9B43-9D68-45BB-81AF-28753877E24D}"
EndProject
Global
	GlobalSection(SolutionConfigurationPlatforms) = preSolution
		Debug|Any CPU = Debug|Any CPU
		Release|Any CPU = Release|Any CPU
	EndGlobalSection
	GlobalSection(ProjectConfigurationPlatforms) = postSolution
		{C0796278-F8D9-4A3D-94E7-89979C20980B}.Debug|Any CPU.ActiveCfg = Debug|Any CPU
		{C0796278-F8D9-4A3D-94E7-89979C20980B}.Debug|Any CPU.Build.0 = Debug|Any CPU
		{C0796278-F8D9-4A3D-94E7-89979C20980B}.Release|Any CPU.ActiveCfg = Release|Any CPU
		{C0796278-F8D9-4A3D-94E7-89979C20980B}.Release|Any CPU.Build.0 = Release|Any CPU
		{77EC953E-1FDF-443E-9C7A-2B28DE870734}.Debug|Any CPU.ActiveCfg = Debug|Any CPU
		{77EC953E-1FDF-443E-9C7A-2B28DE870734}.Debug|Any CPU.Build.0 = Debug|Any CPU
		{77EC953E-1FDF-443E-9C7A-2B28DE870734}.Release|Any CPU.ActiveCfg = Release|Any CPU
		{77EC953E-1FDF-443E-9C7A-2B28DE870734}.Release|Any CPU.Build.0 = Release|Any CPU
		{92660AD7-2E0F-4B5E-8139-D4F1907FD21F}.Debug|Any CPU.ActiveCfg = Debug|Any CPU
		{92660AD7-2E0F-4B5E-8139-D4F1907FD21F}.Debug|Any CPU.Build.0 = Debug|Any CPU
		{92660AD7-2E0F-4B5E-8139-D4F1907FD21F}.Release|Any CPU.ActiveCfg = Release|Any CPU
		{92660AD7-2E0F-4B5E-8139-D4F1907FD21F}.Release|Any CPU.Build.0 = Release|Any CPU
		{D71E9B43-9D68-45BB-81AF-28753877E24D}.Debug|Any CPU.ActiveCfg = Debug|Any CPU
		{D71E9B43-9D68-45BB-81AF-28753877E24D}.Debug|Any CPU.Build.0 = Debug|Any CPU
		{D71E9B43-9D68-45BB-81AF-28753877E24D}.Release|Any CPU.ActiveCfg = Release|Any CPU
		{D71E9B43-9D68-45BB-81AF-28753877E24D}.Release|Any CPU.Build.0 = Release|Any CPU
	EndGlobalSection
	GlobalSection(SolutionProperties) = preSolution
		HideSolutionNode = FALSE
	EndGlobalSection
	GlobalSection(ExtensibilityGlobals) = postSolution
		SolutionGuid = {095B80AD-3851-4265-B333-57FF6BAE2270}
	EndGlobalSection
EndGlobal
